
Microsoft Visual Studio Solution File, Format Version 12.00
# Visual Studio 15
VisualStudioVersion = 15.0.28307.1259
MinimumVisualStudioVersion = 10.0.40219.1
Project("{8BC9CEB8-8B4A-11D0-8D11-00A0C91BC942}") = "FP_PP_3_20181593_계인혜", "FP_PP_3_20181593_계인혜\FP_PP_3_20181593_계인혜.vcxproj", "{0487B479-A8C7-4DB1-977B-43511E28E510}"
EndProject
Global
	GlobalSection(SolutionConfigurationPlatforms) = preSolution
		Debug|x64 = Debug|x64
		Debug|x86 = Debug|x86
		Release|x64 = Release|x64
		Release|x86 = Release|x86
	EndGlobalSection
	GlobalSection(ProjectConfigurationPlatforms) = postSolution
		{0487B479-A8C7-4DB1-977B-43511E28E510}.Debug|x64.ActiveCfg = Debug|x64
		{0487B479-A8C7-4DB1-977B-43511E28E510}.Debug|x64.Build.0 = Debug|x64
		{0487B479-A8C7-4DB1-977B-43511E28E510}.Debug|x86.ActiveCfg = Debug|Win32
		{0487B479-A8C7-4DB1-977B-43511E28E510}.Debug|x86.Build.0 = Debug|Win32
		{0487B479-A8C7-4DB1-977B-43511E28E510}.Release|x64.ActiveCfg = Release|x64
		{0487B479-A8C7-4DB1-977B-43511E28E510}.Release|x64.Build.0 = Release|x64
		{0487B479-A8C7-4DB1-977B-43511E28E510}.Release|x86.ActiveCfg = Release|Win32
		{0487B479-A8C7-4DB1-977B-43511E28E510}.Release|x86.Build.0 = Release|Win32
	EndGlobalSection
	GlobalSection(SolutionProperties) = preSolution
		HideSolutionNode = FALSE
	EndGlobalSection
	GlobalSection(ExtensibilityGlobals) = postSolution
		SolutionGuid = {6483C331-9438-41CB-B395-02522C2F2A01}
	EndGlobalSection
EndGlobal
